
Microsoft Visual Studio Solution File, Format Version 12.00
# Visual Studio Version 17
VisualStudioVersion = 17.6.33829.357
MinimumVisualStudioVersion = 10.0.40219.1
Project("{9A19103F-16F7-4668-BE54-9A1E7A4F7556}") = "PROG6212FINALPOE", "PROG6212FINALPOE\PROG6212FINALPOE.csproj", "{6E923801-74FB-457D-BAB4-80CA722F254C}"
EndProject
Project("{9A19103F-16F7-4668-BE54-9A1E7A4F7556}") = "DataHandeling", "DataHandeling\DataHandeling.csproj", "{D9B15A2D-83B7-45CE-A263-E2E6E983ABB4}"
EndProject
Global
	GlobalSection(SolutionConfigurationPlatforms) = preSolution
		Debug|Any CPU = Debug|Any CPU
		Release|Any CPU = Release|Any CPU
	EndGlobalSection
	GlobalSection(ProjectConfigurationPlatforms) = postSolution
		{6E923801-74FB-457D-BAB4-80CA722F254C}.Debug|Any CPU.ActiveCfg = Debug|Any CPU
		{6E923801-74FB-457D-BAB4-80CA722F254C}.Debug|Any CPU.Build.0 = Debug|Any CPU
		{6E923801-74FB-457D-BAB4-80CA722F254C}.Release|Any CPU.ActiveCfg = Release|Any CPU
		{6E923801-74FB-457D-BAB4-80CA722F254C}.Release|Any CPU.Build.0 = Release|Any CPU
		{D9B15A2D-83B7-45CE-A263-E2E6E983ABB4}.Debug|Any CPU.ActiveCfg = Debug|Any CPU
		{D9B15A2D-83B7-45CE-A263-E2E6E983ABB4}.Debug|Any CPU.Build.0 = Debug|Any CPU
		{D9B15A2D-83B7-45CE-A263-E2E6E983ABB4}.Release|Any CPU.ActiveCfg = Release|Any CPU
		{D9B15A2D-83B7-45CE-A263-E2E6E983ABB4}.Release|Any CPU.Build.0 = Release|Any CPU
	EndGlobalSection
	GlobalSection(SolutionProperties) = preSolution
		HideSolutionNode = FALSE
	EndGlobalSection
	GlobalSection(ExtensibilityGlobals) = postSolution
		SolutionGuid = {54C566A6-FFA6-468A-9AD3-97D95F61E12A}
	EndGlobalSection
EndGlobal
